
Microsoft Visual Studio Solution File, Format Version 12.00
# Visual Studio Version 17
VisualStudioVersion = 17.5.33414.496
MinimumVisualStudioVersion = 10.0.40219.1
Project("{FAE04EC0-301F-11D3-BF4B-00C04F79EFBC}") = "examen2", "examen2\examen2.csproj", "{09C22AC8-1C8C-42BA-AE99-70A293FA84D9}"
EndProject
Project("{FAE04EC0-301F-11D3-BF4B-00C04F79EFBC}") = "entidades", "entidades\entidades.csproj", "{47309DE3-567A-474A-B0B5-14CEFC739849}"
EndProject
Project("{FAE04EC0-301F-11D3-BF4B-00C04F79EFBC}") = "datos", "datos\datos.csproj", "{10851764-9576-444E-BA47-0CD61EA96F8B}"
EndProject
Global
	GlobalSection(SolutionConfigurationPlatforms) = preSolution
		Debug|Any CPU = Debug|Any CPU
		Release|Any CPU = Release|Any CPU
	EndGlobalSection
	GlobalSection(ProjectConfigurationPlatforms) = postSolution
		{09C22AC8-1C8C-42BA-AE99-70A293FA84D9}.Debug|Any CPU.ActiveCfg = Debug|Any CPU
		{09C22AC8-1C8C-42BA-AE99-70A293FA84D9}.Debug|Any CPU.Build.0 = Debug|Any CPU
		{09C22AC8-1C8C-42BA-AE99-70A293FA84D9}.Release|Any CPU.ActiveCfg = Release|Any CPU
		{09C22AC8-1C8C-42BA-AE99-70A293FA84D9}.Release|Any CPU.Build.0 = Release|Any CPU
		{47309DE3-567A-474A-B0B5-14CEFC739849}.Debug|Any CPU.ActiveCfg = Debug|Any CPU
		{47309DE3-567A-474A-B0B5-14CEFC739849}.Debug|Any CPU.Build.0 = Debug|Any CPU
		{47309DE3-567A-474A-B0B5-14CEFC739849}.Release|Any CPU.ActiveCfg = Release|Any CPU
		{47309DE3-567A-474A-B0B5-14CEFC739849}.Release|Any CPU.Build.0 = Release|Any CPU
		{10851764-9576-444E-BA47-0CD61EA96F8B}.Debug|Any CPU.ActiveCfg = Debug|Any CPU
		{10851764-9576-444E-BA47-0CD61EA96F8B}.Debug|Any CPU.Build.0 = Debug|Any CPU
		{10851764-9576-444E-BA47-0CD61EA96F8B}.Release|Any CPU.ActiveCfg = Release|Any CPU
		{10851764-9576-444E-BA47-0CD61EA96F8B}.Release|Any CPU.Build.0 = Release|Any CPU
	EndGlobalSection
	GlobalSection(SolutionProperties) = preSolution
		HideSolutionNode = FALSE
	EndGlobalSection
	GlobalSection(ExtensibilityGlobals) = postSolution
		SolutionGuid = {AE60AEE9-49A4-4D0B-B23D-F9B5F62B102E}
	EndGlobalSection
EndGlobal
